
Microsoft Visual Studio Solution File, Format Version 12.00
# Visual Studio Version 16
VisualStudioVersion = 16.0.31613.86
MinimumVisualStudioVersion = 10.0.40219.1
Project("{9A19103F-16F7-4668-BE54-9A1E7A4F7556}") = "ConsoleArgsLite", "ConsoleArgsLite\ConsoleArgsLite.csproj", "{6836A769-1E52-48EE-91FC-C1012C86F408}"
EndProject
Project("{9A19103F-16F7-4668-BE54-9A1E7A4F7556}") = "ConsoleArgsLiteTests", "ConsoleArgsLiteTests\ConsoleArgsLiteTests.csproj", "{DFFFAA6C-9D70-4A30-B231-6AAAB2EAFE17}"
EndProject
Global
	GlobalSection(SolutionConfigurationPlatforms) = preSolution
		Debug|Any CPU = Debug|Any CPU
		Release|Any CPU = Release|Any CPU
	EndGlobalSection
	GlobalSection(ProjectConfigurationPlatforms) = postSolution
		{6836A769-1E52-48EE-91FC-C1012C86F408}.Debug|Any CPU.ActiveCfg = Debug|Any CPU
		{6836A769-1E52-48EE-91FC-C1012C86F408}.Debug|Any CPU.Build.0 = Debug|Any CPU
		{6836A769-1E52-48EE-91FC-C1012C86F408}.Release|Any CPU.ActiveCfg = Release|Any CPU
		{6836A769-1E52-48EE-91FC-C1012C86F408}.Release|Any CPU.Build.0 = Release|Any CPU
		{DFFFAA6C-9D70-4A30-B231-6AAAB2EAFE17}.Debug|Any CPU.ActiveCfg = Debug|Any CPU
		{DFFFAA6C-9D70-4A30-B231-6AAAB2EAFE17}.Debug|Any CPU.Build.0 = Debug|Any CPU
		{DFFFAA6C-9D70-4A30-B231-6AAAB2EAFE17}.Release|Any CPU.ActiveCfg = Release|Any CPU
		{DFFFAA6C-9D70-4A30-B231-6AAAB2EAFE17}.Release|Any CPU.Build.0 = Release|Any CPU
	EndGlobalSection
	GlobalSection(SolutionProperties) = preSolution
		HideSolutionNode = FALSE
	EndGlobalSection
	GlobalSection(ExtensibilityGlobals) = postSolution
		SolutionGuid = {BA83401B-8F23-4C7D-B7F0-6C454062EAFA}
	EndGlobalSection
EndGlobal
